// !$*UTF8*$!
{
	archiveVersion = 1;
	classes = {
	};
	objectVersion = 46;
	objects = {

/* Begin PBXBuildFile section */
		81E4DA511BDE165C00286F8C /* main.m in Sources */ = {isa = PBXBuildFile; fileRef = 81E4DA501BDE165C00286F8C /* main.m */; };
		81E4DA541BDE165C00286F8C /* AppDelegate.m in Sources */ = {isa = PBXBuildFile; fileRef = 81E4DA531BDE165C00286F8C /* AppDelegate.m */; };
		81E4DA571BDE165C00286F8C /* VideoRecording.xcdatamodeld in Sources */ = {isa = PBXBuildFile; fileRef = 81E4DA551BDE165C00286F8C /* VideoRecording.xcdatamodeld */; };
		81E4DA5A1BDE165C00286F8C /* ViewController.m in Sources */ = {isa = PBXBuildFile; fileRef = 81E4DA591BDE165C00286F8C /* ViewController.m */; };
		81E4DA5D1BDE165C00286F8C /* Main.storyboard in Resources */ = {isa = PBXBuildFile; fileRef = 81E4DA5B1BDE165C00286F8C /* Main.storyboard */; };
		81E4DA5F1BDE165C00286F8C /* Images.xcassets in Resources */ = {isa = PBXBuildFile; fileRef = 81E4DA5E1BDE165C00286F8C /* Images.xcassets */; };
		81E4DA621BDE165C00286F8C /* LaunchScreen.xib in Resources */ = {isa = PBXBuildFile; fileRef = 81E4DA601BDE165C00286F8C /* LaunchScreen.xib */; };
		81E4DA6E1BDE165C00286F8C /* VideoRecordingTests.m in Sources */ = {isa = PBXBuildFile; fileRef = 81E4DA6D1BDE165C00286F8C /* VideoRecordingTests.m */; };
		81E4DA781BDE171100286F8C /* MobileCoreServices.framework in Frameworks */ = {isa = PBXBuildFile; fileRef = 81E4DA771BDE171100286F8C /* MobileCoreServices.framework */; };
		81E4DA7A1BDE171A00286F8C /* AVFoundation.framework in Frameworks */ = {isa = PBXBuildFile; fileRef = 81E4DA791BDE171A00286F8C /* AVFoundation.framework */; };
/* End PBXBuildFile section */

/* Begin PBXContainerItemProxy section */
		81E4DA681BDE165C00286F8C /* PBXContainerItemProxy */ = {
			isa = PBXContainerItemProxy;
			containerPortal = 81E4DA431BDE165C00286F8C /* Project object */;
			proxyType = 1;
			remoteGlobalIDString = 81E4DA4A1BDE165C00286F8C;
			remoteInfo = VideoRecording;
		};
/* End PBXContainerItemProxy section */

/* Begin PBXFileReference section */
		81E4DA4B1BDE165C00286F8C /* VideoRecording.app */ = {isa = PBXFileReference; explicitFileType = wrapper.application; includeInIndex = 0; path = VideoRecording.app; sourceTree = BUILT_PRODUCTS_DIR; };
		81E4DA4F1BDE165C00286F8C /* Info.plist */ = {isa = PBXFileReference; lastKnownFileType = text.plist.xml; path = Info.plist; sourceTree = "<group>"; };
		81E4DA501BDE165C00286F8C /* main.m */ = {isa = PBXFileReference; lastKnownFileType = sourcecode.c.objc; path = main.m; sourceTree = "<group>"; };
		81E4DA521BDE165C00286F8C /* AppDelegate.h */ = {isa = PBXFileReference; lastKnownFileType = sourcecode.c.h; path = AppDelegate.h; sourceTree = "<group>"; };
		81E4DA531BDE165C00286F8C /* AppDelegate.m */ = {isa = PBXFileReference; lastKnownFileType = sourcecode.c.objc; path = AppDelegate.m; sourceTree = "<group>"; };
		81E4DA561BDE165C00286F8C /* VideoRecording.xcdatamodel */ = {isa = PBXFileReference; lastKnownFileType = wrapper.xcdatamodel; path = VideoRecording.xcdatamodel; sourceTree = "<group>"; };
		81E4DA581BDE165C00286F8C /* ViewController.h */ = {isa = PBXFileReference; lastKnownFileType = sourcecode.c.h; path = ViewController.h; sourceTree = "<group>"; };
		81E4DA591BDE165C00286F8C /* ViewController.m */ = {isa = PBXFileReference; lastKnownFileType = sourcecode.c.objc; path = ViewController.m; sourceTree = "<group>"; };
		81E4DA5C1BDE165C00286F8C /* Base */ = {isa = PBXFileReference; lastKnownFileType = file.storyboard; name = Base; path = Base.lproj/Main.storyboard; sourceTree = "<group>"; };
		81E4DA5E1BDE165C00286F8C /* Images.xcassets */ = {isa = PBXFileReference; lastKnownFileType = folder.assetcatalog; path = Images.xcassets; sourceTree = "<group>"; };
		81E4DA611BDE165C00286F8C /* Base */ = {isa = PBXFileReference; lastKnownFileType = file.xib; name = Base; path = Base.lproj/LaunchScreen.xib; sourceTree = "<group>"; };
		81E4DA671BDE165C00286F8C /* VideoRecordingTests.xctest */ = {isa = PBXFileReference; explicitFileType = wrapper.cfbundle; includeInIndex = 0; path = VideoRecordingTests.xctest; sourceTree = BUILT_PRODUCTS_DIR; };
		81E4DA6C1BDE165C00286F8C /* Info.plist */ = {isa = PBXFileReference; lastKnownFileType = text.plist.xml; path = Info.plist; sourceTree = "<group>"; };
		81E4DA6D1BDE165C00286F8C /* VideoRecordingTests.m */ = {isa = PBXFileReference; lastKnownFileType = sourcecode.c.objc; path = VideoRecordingTests.m; sourceTree = "<group>"; };
		81E4DA771BDE171100286F8C /* MobileCoreServices.framework */ = {isa = PBXFileReference; lastKnownFileType = wrapper.framework; name = MobileCoreServices.framework; path = System/Library/Frameworks/MobileCoreServices.framework; sourceTree = SDKROOT; };
		81E4DA791BDE171A00286F8C /* AVFoundation.framework */ = {isa = PBXFileReference; lastKnownFileType = wrapper.framework; name = AVFoundation.framework; path = System/Library/Frameworks/AVFoundation.framework; sourceTree = SDKROOT; };
/* End PBXFileReference section */

/* Begin PBXFrameworksBuildPhase section */
		81E4DA481BDE165C00286F8C /* Frameworks */ = {
			isa = PBXFrameworksBuildPhase;
			buildActionMask = 2147483647;
			files = (
				81E4DA7A1BDE171A00286F8C /* AVFoundation.framework in Frameworks */,
				81E4DA781BDE171100286F8C /* MobileCoreServices.framework in Frameworks */,
			);
			runOnlyForDeploymentPostprocessing = 0;
		};
		81E4DA641BDE165C00286F8C /* Frameworks */ = {
			isa = PBXFrameworksBuildPhase;
			buildActionMask = 2147483647;
			files = (
			);
			runOnlyForDeploymentPostprocessing = 0;
		};
/* End PBXFrameworksBuildPhase section */

/* Begin PBXGroup section */
		81E4DA421BDE165C00286F8C = {
			isa = PBXGroup;
			children = (
				81E4DA791BDE171A00286F8C /* AVFoundation.framework */,
				81E4DA771BDE171100286F8C /* MobileCoreServices.framework */,
				81E4DA4D1BDE165C00286F8C /* VideoRecording */,
				81E4DA6A1BDE165C00286F8C /* VideoRecordingTests */,
				81E4DA4C1BDE165C00286F8C /* Products */,
			);
			sourceTree = "<group>";
		};
		81E4DA4C1BDE165C00286F8C /* Products */ = {
			isa = PBXGroup;
			children = (
				81E4DA4B1BDE165C00286F8C /* VideoRecording.app */,
				81E4DA671BDE165C00286F8C /* VideoRecordingTests.xctest */,
			);
			name = Products;
			sourceTree = "<group>";
		};
		81E4DA4D1BDE165C00286F8C /* VideoRecording */ = {
			isa = PBXGroup;
			children = (
				81E4DA521BDE165C00286F8C /* AppDelegate.h */,
				81E4DA531BDE165C00286F8C /* AppDelegate.m */,
				81E4DA581BDE165C00286F8C /* ViewController.h */,
				81E4DA591BDE165C00286F8C /* ViewController.m */,
				81E4DA5B1BDE165C00286F8C /* Main.storyboard */,
				81E4DA5E1BDE165C00286F8C /* Images.xcassets */,
				81E4DA601BDE165C00286F8C /* LaunchScreen.xib */,
				81E4DA551BDE165C00286F8C /* VideoRecording.xcdatamodeld */,
				81E4DA4E1BDE165C00286F8C /* Supporting Files */,
			);
			path = VideoRecording;
			sourceTree = "<group>";
		};
		81E4DA4E1BDE165C00286F8C /* Supporting Files */ = {
			isa = PBXGroup;
			children = (
				81E4DA4F1BDE165C00286F8C /* Info.plist */,
				81E4DA501BDE165C00286F8C /* main.m */,
			);
			name = "Supporting Files";
			sourceTree = "<group>";
		};
		81E4DA6A1BDE165C00286F8C /* VideoRecordingTests */ = {
			isa = PBXGroup;
			children = (
				81E4DA6D1BDE165C00286F8C /* VideoRecordingTests.m */,
				81E4DA6B1BDE165C00286F8C /* Supporting Files */,
			);
			path = VideoRecordingTests;
			sourceTree = "<group>";
		};
		81E4DA6B1BDE165C00286F8C /* Supporting Files */ = {
			isa = PBXGroup;
			children = (
				81E4DA6C1BDE165C00286F8C /* Info.plist */,
			);
			name = "Supporting Files";
			sourceTree = "<group>";
		};
/* End PBXGroup section */

/* Begin PBXNativeTarget section */
		81E4DA4A1BDE165C00286F8C /* VideoRecording */ = {
			isa = PBXNativeTarget;
			buildConfigurationList = 81E4DA711BDE165C00286F8C /* Build configuration list for PBXNativeTarget "VideoRecording" */;
			buildPhases = (
				81E4DA471BDE165C00286F8C /* Sources */,
				81E4DA481BDE165C00286F8C /* Frameworks */,
				81E4DA491BDE165C00286F8C /* Resources */,
			);
			buildRules = (
			);
			dependencies = (
			);
			name = VideoRecording;
			productName = VideoRecording;
			productReference = 81E4DA4B1BDE165C00286F8C /* VideoRecording.app */;
			productType = "com.apple.product-type.application";
		};
		81E4DA661BDE165C00286F8C /* VideoRecordingTests */ = {
			isa = PBXNativeTarget;
			buildConfigurationList = 81E4DA741BDE165C00286F8C /* Build configuration list for PBXNativeTarget "VideoRecordingTests" */;
			buildPhases = (
				81E4DA631BDE165C00286F8C /* Sources */,
				81E4DA641BDE165C00286F8C /* Frameworks */,
				81E4DA651BDE165C00286F8C /* Resources */,
			);
			buildRules = (
			);
			dependencies = (
				81E4DA691BDE165C00286F8C /* PBXTargetDependency */,
			);
			name = VideoRecordingTests;
			productName = VideoRecordingTests;
			productReference = 81E4DA671BDE165C00286F8C /* VideoRecordingTests.xctest */;
			productType = "com.apple.product-type.bundle.unit-test";
		};
/* End PBXNativeTarget section */

/* Begin PBXProject section */
		81E4DA431BDE165C00286F8C /* Project object */ = {
			isa = PBXProject;
			attributes = {
				LastUpgradeCheck = 0640;
				ORGANIZATIONNAME = "王力";
				TargetAttributes = {
					81E4DA4A1BDE165C00286F8C = {
						CreatedOnToolsVersion = 6.4;
					};
					81E4DA661BDE165C00286F8C = {
						CreatedOnToolsVersion = 6.4;
						TestTargetID = 81E4DA4A1BDE165C00286F8C;
					};
				};
			};
			buildConfigurationList = 81E4DA461BDE165C00286F8C /* Build configuration list for PBXProject "VideoRecording" */;
			compatibilityVersion = "Xcode 3.2";
			developmentRegion = English;
			hasScannedForEncodings = 0;
			knownRegions = (
				en,
				Base,
			);
			mainGroup = 81E4DA421BDE165C00286F8C;
			productRefGroup = 81E4DA4C1BDE165C00286F8C /* Products */;
			projectDirPath = "";
			projectRoot = "";
			targets = (
				81E4DA4A1BDE165C00286F8C /* VideoRecording */,
				81E4DA661BDE165C00286F8C /* VideoRecordingTests */,
			);
		};
/* End PBXProject section */

/* Begin PBXResourcesBuildPhase section */
		81E4DA491BDE165C00286F8C /* Resources */ = {
			isa = PBXResourcesBuildPhase;
			buildActionMask = 2147483647;
			files = (
				81E4DA5D1BDE165C00286F8C /* Main.storyboard in Resources */,
				81E4DA621BDE165C00286F8C /* LaunchScreen.xib in Resources */,
				81E4DA5F1BDE165C00286F8C /* Images.xcassets in Resources */,
			);
			runOnlyForDeploymentPostprocessing = 0;
		};
		81E4DA651BDE165C00286F8C /* Resources */ = {
			isa = PBXResourcesBuildPhase;
			buildActionMask = 2147483647;
			files = (
			);
			runOnlyForDeploymentPostprocessing = 0;
		};
/* End PBXResourcesBuildPhase section */

/* Begin PBXSourcesBuildPhase section */
		81E4DA471BDE165C00286F8C /* Sources */ = {
			isa = PBXSourcesBuildPhase;
			buildActionMask = 2147483647;
			files = (
				81E4DA541BDE165C00286F8C /* AppDelegate.m in Sources */,
				81E4DA571BDE165C00286F8C /* VideoRecording.xcdatamodeld in Sources */,
				81E4DA5A1BDE165C00286F8C /* ViewController.m in Sources */,
				81E4DA511BDE165C00286F8C /* main.m in Sources */,
			);
			runOnlyForDeploymentPostprocessing = 0;
		};
		81E4DA631BDE165C00286F8C /* Sources */ = {
			isa = PBXSourcesBuildPhase;
			buildActionMask = 2147483647;
			files = (
				81E4DA6E1BDE165C00286F8C /* VideoRecordingTests.m in Sources */,
			);
			runOnlyForDeploymentPostprocessing = 0;
		};
/* End PBXSourcesBuildPhase section */

/* Begin PBXTargetDependency section */
		81E4DA691BDE165C00286F8C /* PBXTargetDependency */ = {
			isa = PBXTargetDependency;
			target = 81E4DA4A1BDE165C00286F8C /* VideoRecording */;
			targetProxy = 81E4DA681BDE165C00286F8C /* PBXContainerItemProxy */;
		};
/* End PBXTargetDependency section */

/* Begin PBXVariantGroup section */
		81E4DA5B1BDE165C00286F8C /* Main.storyboard */ = {
			isa = PBXVariantGroup;
			children = (
				81E4DA5C1BDE165C00286F8C /* Base */,
			);
			name = Main.storyboard;
			sourceTree = "<group>";
		};
		81E4DA601BDE165C00286F8C /* LaunchScreen.xib */ = {
			isa = PBXVariantGroup;
			children = (
				81E4DA611BDE165C00286F8C /* Base */,
			);
			name = LaunchScreen.xib;
			sourceTree = "<group>";
		};
/* End PBXVariantGroup section */

/* Begin XCBuildConfiguration section */
		81E4DA6F1BDE165C00286F8C /* Debug */ = {
			isa = XCBuildConfiguration;
			buildSettings = {
				ALWAYS_SEARCH_USER_PATHS = NO;
				CLANG_CXX_LANGUAGE_STANDARD = "gnu++0x";
				CLANG_CXX_LIBRARY = "libc++";
				CLANG_ENABLE_MODULES = YES;
				CLANG_ENABLE_OBJC_ARC = YES;
				CLANG_WARN_BOOL_CONVERSION = YES;
				CLANG_WARN_CONSTANT_CONVERSION = YES;
				CLANG_WARN_DIRECT_OBJC_ISA_USAGE = YES_ERROR;
				CLANG_WARN_EMPTY_BODY = YES;
				CLANG_WARN_ENUM_CONVERSION = YES;
				CLANG_WARN_INT_CONVERSION = YES;
				CLANG_WARN_OBJC_ROOT_CLASS = YES_ERROR;
				CLANG_WARN_UNREACHABLE_CODE = YES;
				CLANG_WARN__DUPLICATE_METHOD_MATCH = YES;
				"CODE_SIGN_IDENTITY[sdk=iphoneos*]" = "iPhone Developer";
				COPY_PHASE_STRIP = NO;
				DEBUG_INFORMATION_FORMAT = "dwarf-with-dsym";
				ENABLE_STRICT_OBJC_MSGSEND = YES;
				GCC_C_LANGUAGE_STANDARD = gnu99;
				GCC_DYNAMIC_NO_PIC = NO;
				GCC_NO_COMMON_BLOCKS = YES;
				GCC_OPTIMIZATION_LEVEL = 0;
				GCC_PREPROCESSOR_DEFINITIONS = (
					"DEBUG=1",
					"$(inherited)",
				);
				GCC_SYMBOLS_PRIVATE_EXTERN = NO;
				GCC_WARN_64_TO_32_BIT_CONVERSION = YES;
				GCC_WARN_ABOUT_RETURN_TYPE = YES_ERROR;
				GCC_WARN_UNDECLARED_SELECTOR = YES;
				GCC_WARN_UNINITIALIZED_AUTOS = YES_AGGRESSIVE;
				GCC_WARN_UNUSED_FUNCTION = YES;
				GCC_WARN_UNUSED_VARIABLE = YES;
				IPHONEOS_DEPLOYMENT_TARGET = 8.4;
				MTL_ENABLE_DEBUG_INFO = YES;
				ONLY_ACTIVE_ARCH = YES;
				SDKROOT = iphoneos;
			};
			name = Debug;
		};
		81E4DA701BDE165C00286F8C /* Release */ = {
			isa = XCBuildConfiguration;
			buildSettings = {
				ALWAYS_SEARCH_USER_PATHS = NO;
				CLANG_CXX_LANGUAGE_STANDARD = "gnu++0x";
				CLANG_CXX_LIBRARY = "libc++";
				CLANG_ENABLE_MODULES = YES;
				CLANG_ENABLE_OBJC_ARC = YES;
				CLANG_WARN_BOOL_CONVERSION = YES;
				CLANG_WARN_CONSTANT_CONVERSION = YES;
				CLANG_WARN_DIRECT_OBJC_ISA_USAGE = YES_ERROR;
				CLANG_WARN_EMPTY_BODY = YES;
				CLANG_WARN_ENUM_CONVERSION = YES;
				CLANG_WARN_INT_CONVERSION = YES;
				CLANG_WARN_OBJC_ROOT_CLASS = YES_ERROR;
				CLANG_WARN_UNREACHABLE_CODE = YES;
				CLANG_WARN__DUPLICATE_METHOD_MATCH = YES;
				"CODE_SIGN_IDENTITY[sdk=iphoneos*]" = "iPhone Developer";
				COPY_PHASE_STRIP = NO;
				DEBUG_INFORMATION_FORMAT = "dwarf-with-dsym";
				ENABLE_NS_ASSERTIONS = NO;
				ENABLE_STRICT_OBJC_MSGSEND = YES;
				GCC_C_LANGUAGE_STANDARD = gnu99;
				GCC_NO_COMMON_BLOCKS = YES;
				GCC_WARN_64_TO_32_BIT_CONVERSION = YES;
				GCC_WARN_ABOUT_RETURN_TYPE = YES_ERROR;
				GCC_WARN_UNDECLARED_SELECTOR = YES;
				GCC_WARN_UNINITIALIZED_AUTOS = YES_AGGRESSIVE;
				GCC_WARN_UNUSED_FUNCTION = YES;
				GCC_WARN_UNUSED_VARIABLE = YES;
				IPHONEOS_DEPLOYMENT_TARGET = 8.4;
				MTL_ENABLE_DEBUG_INFO = NO;
				SDKROOT = iphoneos;
				VALIDATE_PRODUCT = YES;
			};
			name = Release;
		};
		81E4DA721BDE165C00286F8C /* Debug */ = {
			isa = XCBuildConfiguration;
			buildSettings = {
				ASSETCATALOG_COMPILER_APPICON_NAME = AppIcon;
				INFOPLIST_FILE = VideoRecording/Info.plist;
				IPHONEOS_DEPLOYMENT_TARGET = 7.1;
				LD_RUNPATH_SEARCH_PATHS = "$(inherited) @executable_path/Frameworks";
				PRODUCT_NAME = "$(TARGET_NAME)";
			};
			name = Debug;
		};
		81E4DA731BDE165C00286F8C /* Release */ = {
			isa = XCBuildConfiguration;
			buildSettings = {
				ASSETCATALOG_COMPILER_APPICON_NAME = AppIcon;
				INFOPLIST_FILE = VideoRecording/Info.plist;
				IPHONEOS_DEPLOYMENT_TARGET = 7.1;
				LD_RUNPATH_SEARCH_PATHS = "$(inherited) @executable_path/Frameworks";
				PRODUCT_NAME = "$(TARGET_NAME)";
			};
			name = Release;
		};
		81E4DA751BDE165C00286F8C /* Debug */ = {
			isa = XCBuildConfiguration;
			buildSettings = {
				BUNDLE_LOADER = "$(TEST_HOST)";
				FRAMEWORK_SEARCH_PATHS = (
					"$(SDKROOT)/Developer/Library/Frameworks",
					"$(inherited)",
				);
				GCC_PREPROCESSOR_DEFINITIONS = (
					"DEBUG=1",
					"$(inherited)",
				);
				INFOPLIST_FILE = VideoRecordingTests/Info.plist;
				LD_RUNPATH_SEARCH_PATHS = "$(inherited) @executable_path/Frameworks @loader_path/Frameworks";
				PRODUCT_NAME = "$(TARGET_NAME)";
				TEST_HOST = "$(BUILT_PRODUCTS_DIR)/VideoRecording.app/VideoRecording";
			};
			name = Debug;
		};
		81E4DA761BDE165C00286F8C /* Release */ = {
			isa = XCBuildConfiguration;
			buildSettings = {
				BUNDLE_LOADER = "$(TEST_HOST)";
				FRAMEWORK_SEARCH_PATHS = (
					"$(SDKROOT)/Developer/Library/Frameworks",
					"$(inherited)",
				);
				INFOPLIST_FILE = VideoRecordingTests/Info.plist;
				LD_RUNPATH_SEARCH_PATHS = "$(inherited) @executable_path/Frameworks @loader_path/Frameworks";
				PRODUCT_NAME = "$(TARGET_NAME)";
				TEST_HOST = "$(BUILT_PRODUCTS_DIR)/VideoRecording.app/VideoRecording";
			};
			name = Release;
		};
/* End XCBuildConfiguration section */

/* Begin XCConfigurationList section */
		81E4DA461BDE165C00286F8C /* Build configuration list for PBXProject "VideoRecording" */ = {
			isa = XCConfigurationList;
			buildConfigurations = (
				81E4DA6F1BDE165C00286F8C /* Debug */,
				81E4DA701BDE165C00286F8C /* Release */,
			);
			defaultConfigurationIsVisible = 0;
			defaultConfigurationName = Release;
		};
		81E4DA711BDE165C00286F8C /* Build configuration list for PBXNativeTarget "VideoRecording" */ = {
			isa = XCConfigurationList;
			buildConfigurations = (
				81E4DA721BDE165C00286F8C /* Debug */,
				81E4DA731BDE165C00286F8C /* Release */,
			);
			defaultConfigurationIsVisible = 0;
		};
		81E4DA741BDE165C00286F8C /* Build configuration list for PBXNativeTarget "VideoRecordingTests" */ = {
			isa = XCConfigurationList;
			buildConfigurations = (
				81E4DA751BDE165C00286F8C /* Debug */,
				81E4DA761BDE165C00286F8C /* Release */,
			);
			defaultConfigurationIsVisible = 0;
		};
/* End XCConfigurationList section */

/* Begin XCVersionGroup section */
		81E4DA551BDE165C00286F8C /* VideoRecording.xcdatamodeld */ = {
			isa = XCVersionGroup;
			children = (
				81E4DA561BDE165C00286F8C /* VideoRecording.xcdatamodel */,
			);
			currentVersion = 81E4DA561BDE165C00286F8C /* VideoRecording.xcdatamodel */;
			path = VideoRecording.xcdatamodeld;
			sourceTree = "<group>";
			versionGroupType = wrapper.xcdatamodel;
		};
/* End XCVersionGroup section */
	};
	rootObject = 81E4DA431BDE165C00286F8C /* Project object */;
}
